Microsoft Visual Studio Solution File, Format Version 12.00
# Visual Studio Version 17
VisualStudioVersion = 17.5.33627.172
MinimumVisualStudioVersion = 10.0.40219.1
Project("{FAE04EC0-301F-11D3-BF4B-00C04F79EFBC}") = "SistemaGestion", "SistemaGestion\SistemaGestion.csproj", "{43C1F78A-8C32-45D7-9F25-95ECA3E1043B}"
EndProject
Global
	GlobalSection(SolutionConfigurationPlatforms) = preSolution
		Debug|Any CPU = Debug|Any CPU
		Release|Any CPU = Release|Any CPU
	EndGlobalSection
	GlobalSection(ProjectConfigurationPlatforms) = postSolution
		{43C1F78A-8C32-45D7-9F25-95ECA3E1043B}.Debug|Any CPU.ActiveCfg = Debug|Any CPU
		{43C1F78A-8C32-45D7-9F25-95ECA3E1043B}.Debug|Any CPU.Build.0 = Debug|Any CPU
		{43C1F78A-8C32-45D7-9F25-95ECA3E1043B}.Release|Any CPU.ActiveCfg = Release|Any CPU
		{43C1F78A-8C32-45D7-9F25-95ECA3E1043B}.Release|Any CPU.Build.0 = Release|Any CPU
	EndGlobalSection
	GlobalSection(SolutionProperties) = preSolution
		HideSolutionNode = FALSE
	EndGlobalSection
	GlobalSection(ExtensibilityGlobals) = postSolution
		SolutionGuid = {7D1A3A2F-08E4-4A95-BF2C-F5AA0F9A8D19}
	EndGlobalSection
EndGlobal
